
Microsoft Visual Studio Solution File, Format Version 12.00
# Visual Studio Version 17
VisualStudioVersion = 17.6.33620.401
MinimumVisualStudioVersion = 10.0.40219.1
Project("{FAE04EC0-301F-11D3-BF4B-00C04F79EFBC}") = "WinGetStore", "WinGetStore\WinGetStore\WinGetStore.csproj", "{5D1758B0-C60F-4A85-8E43-209B93BC5AA0}"
EndProject
Project("{8BC9CEB8-8B4A-11D0-8D11-00A0C91BC942}") = "WinGetStore.WinRT", "WinGetStore\WinGetStore.WinRT\WinGetStore.WinRT.vcxproj", "{D1AA1ED0-6224-400B-A47F-48EE1134B65D}"
EndProject
Global
	GlobalSection(SolutionConfigurationPlatforms) = preSolution
		Debug|ARM = Debug|ARM
		Debug|ARM64 = Debug|ARM64
		Debug|x64 = Debug|x64
		Debug|x86 = Debug|x86
		Release|ARM = Release|ARM
		Release|ARM64 = Release|ARM64
		Release|x64 = Release|x64
		Release|x86 = Release|x86
	EndGlobalSection
	GlobalSection(ProjectConfigurationPlatforms) = postSolution
		{5D1758B0-C60F-4A85-8E43-209B93BC5AA0}.Debug|ARM.ActiveCfg = Debug|ARM
		{5D1758B0-C60F-4A85-8E43-209B93BC5AA0}.Debug|ARM.Build.0 = Debug|ARM
		{5D1758B0-C60F-4A85-8E43-209B93BC5AA0}.Debug|ARM.Deploy.0 = Debug|ARM
		{5D1758B0-C60F-4A85-8E43-209B93BC5AA0}.Debug|ARM64.ActiveCfg = Debug|ARM64
		{5D1758B0-C60F-4A85-8E43-209B93BC5AA0}.Debug|ARM64.Build.0 = Debug|ARM64
		{5D1758B0-C60F-4A85-8E43-209B93BC5AA0}.Debug|ARM64.Deploy.0 = Debug|ARM64
		{5D1758B0-C60F-4A85-8E43-209B93BC5AA0}.Debug|x64.ActiveCfg = Debug|x64
		{5D1758B0-C60F-4A85-8E43-209B93BC5AA0}.Debug|x64.Build.0 = Debug|x64
		{5D1758B0-C60F-4A85-8E43-209B93BC5AA0}.Debug|x64.Deploy.0 = Debug|x64
		{5D1758B0-C60F-4A85-8E43-209B93BC5AA0}.Debug|x86.ActiveCfg = Debug|x86
		{5D1758B0-C60F-4A85-8E43-209B93BC5AA0}.Debug|x86.Build.0 = Debug|x86
		{5D1758B0-C60F-4A85-8E43-209B93BC5AA0}.Debug|x86.Deploy.0 = Debug|x86
		{5D1758B0-C60F-4A85-8E43-209B93BC5AA0}.Release|ARM.ActiveCfg = Release|ARM
		{5D1758B0-C60F-4A85-8E43-209B93BC5AA0}.Release|ARM.Build.0 = Release|ARM
		{5D1758B0-C60F-4A85-8E43-209B93BC5AA0}.Release|ARM.Deploy.0 = Release|ARM
		{5D1758B0-C60F-4A85-8E43-209B93BC5AA0}.Release|ARM64.ActiveCfg = Release|ARM64
		{5D1758B0-C60F-4A85-8E43-209B93BC5AA0}.Release|ARM64.Build.0 = Release|ARM64
		{5D1758B0-C60F-4A85-8E43-209B93BC5AA0}.Release|ARM64.Deploy.0 = Release|ARM64
		{5D1758B0-C60F-4A85-8E43-209B93BC5AA0}.Release|x64.ActiveCfg = Release|x64
		{5D1758B0-C60F-4A85-8E43-209B93BC5AA0}.Release|x64.Build.0 = Release|x64
		{5D1758B0-C60F-4A85-8E43-209B93BC5AA0}.Release|x64.Deploy.0 = Release|x64
		{5D1758B0-C60F-4A85-8E43-209B93BC5AA0}.Release|x86.ActiveCfg = Release|x86
		{5D1758B0-C60F-4A85-8E43-209B93BC5AA0}.Release|x86.Build.0 = Release|x86
		{5D1758B0-C60F-4A85-8E43-209B93BC5AA0}.Release|x86.Deploy.0 = Release|x86
		{D1AA1ED0-6224-400B-A47F-48EE1134B65D}.Debug|ARM.ActiveCfg = Debug|ARM
		{D1AA1ED0-6224-400B-A47F-48EE1134B65D}.Debug|ARM.Build.0 = Debug|ARM
		{D1AA1ED0-6224-400B-A47F-48EE1134B65D}.Debug|ARM64.ActiveCfg = Debug|ARM64
		{D1AA1ED0-6224-400B-A47F-48EE1134B65D}.Debug|ARM64.Build.0 = Debug|ARM64
		{D1AA1ED0-6224-400B-A47F-48EE1134B65D}.Debug|x64.ActiveCfg = Debug|x64
		{D1AA1ED0-6224-400B-A47F-48EE1134B65D}.Debug|x64.Build.0 = Debug|x64
		{D1AA1ED0-6224-400B-A47F-48EE1134B65D}.Debug|x86.ActiveCfg = Debug|Win32
		{D1AA1ED0-6224-400B-A47F-48EE1134B65D}.Debug|x86.Build.0 = Debug|Win32
		{D1AA1ED0-6224-400B-A47F-48EE1134B65D}.Release|ARM.ActiveCfg = Release|ARM
		{D1AA1ED0-6224-400B-A47F-48EE1134B65D}.Release|ARM.Build.0 = Release|ARM
		{D1AA1ED0-6224-400B-A47F-48EE1134B65D}.Release|ARM64.ActiveCfg = Release|ARM64
		{D1AA1ED0-6224-400B-A47F-48EE1134B65D}.Release|ARM64.Build.0 = Release|ARM64
		{D1AA1ED0-6224-400B-A47F-48EE1134B65D}.Release|x64.ActiveCfg = Release|x64
		{D1AA1ED0-6224-400B-A47F-48EE1134B65D}.Release|x64.Build.0 = Release|x64
		{D1AA1ED0-6224-400B-A47F-48EE1134B65D}.Release|x86.ActiveCfg = Release|Win32
		{D1AA1ED0-6224-400B-A47F-48EE1134B65D}.Release|x86.Build.0 = Release|Win32
	EndGlobalSection
	GlobalSection(SolutionProperties) = preSolution
		HideSolutionNode = FALSE
	EndGlobalSection
	GlobalSection(ExtensibilityGlobals) = postSolution
		SolutionGuid = {659FBDDD-2602-4B8A-B316-EC79FA055847}
	EndGlobalSection
EndGlobal
